
Microsoft Visual Studio Solution File, Format Version 12.00
# Visual Studio Version 17
VisualStudioVersion = 17.6.33815.320
MinimumVisualStudioVersion = 10.0.40219.1
Project("{9A19103F-16F7-4668-BE54-9A1E7A4F7556}") = "ProServ.Server", "Server\ProServ.Server.csproj", "{793A1352-E4C4-43EF-9519-361D12A20DC2}"
EndProject
Project("{9A19103F-16F7-4668-BE54-9A1E7A4F7556}") = "ProServ.Client", "Client\ProServ.Client.csproj", "{B409149F-B060-40B6-B074-AF4B0D2D700C}"
EndProject
Project("{9A19103F-16F7-4668-BE54-9A1E7A4F7556}") = "ProServ.Shared", "Shared\ProServ.Shared.csproj", "{858C77FE-6052-4132-9FB0-D7E526A1A11F}"
EndProject
Project("{FAE04EC0-301F-11D3-BF4B-00C04F79EFBC}") = "ProServ.Tests", "ProServ.Tests\ProServ.Tests.csproj", "{D4A48658-96D9-4BBE-8BAC-4BA9D9364175}"
EndProject
Global
	GlobalSection(SolutionConfigurationPlatforms) = preSolution
		Debug|Any CPU = Debug|Any CPU
		Release|Any CPU = Release|Any CPU
	EndGlobalSection
	GlobalSection(ProjectConfigurationPlatforms) = postSolution
		{793A1352-E4C4-43EF-9519-361D12A20DC2}.Debug|Any CPU.ActiveCfg = Debug|Any CPU
		{793A1352-E4C4-43EF-9519-361D12A20DC2}.Debug|Any CPU.Build.0 = Debug|Any CPU
		{793A1352-E4C4-43EF-9519-361D12A20DC2}.Release|Any CPU.ActiveCfg = Release|Any CPU
		{793A1352-E4C4-43EF-9519-361D12A20DC2}.Release|Any CPU.Build.0 = Release|Any CPU
		{B409149F-B060-40B6-B074-AF4B0D2D700C}.Debug|Any CPU.ActiveCfg = Debug|Any CPU
		{B409149F-B060-40B6-B074-AF4B0D2D700C}.Debug|Any CPU.Build.0 = Debug|Any CPU
		{B409149F-B060-40B6-B074-AF4B0D2D700C}.Release|Any CPU.ActiveCfg = Release|Any CPU
		{B409149F-B060-40B6-B074-AF4B0D2D700C}.Release|Any CPU.Build.0 = Release|Any CPU
		{858C77FE-6052-4132-9FB0-D7E526A1A11F}.Debug|Any CPU.ActiveCfg = Debug|Any CPU
		{858C77FE-6052-4132-9FB0-D7E526A1A11F}.Debug|Any CPU.Build.0 = Debug|Any CPU
		{858C77FE-6052-4132-9FB0-D7E526A1A11F}.Release|Any CPU.ActiveCfg = Release|Any CPU
		{858C77FE-6052-4132-9FB0-D7E526A1A11F}.Release|Any CPU.Build.0 = Release|Any CPU
		{D4A48658-96D9-4BBE-8BAC-4BA9D9364175}.Debug|Any CPU.ActiveCfg = Debug|Any CPU
		{D4A48658-96D9-4BBE-8BAC-4BA9D9364175}.Debug|Any CPU.Build.0 = Debug|Any CPU
		{D4A48658-96D9-4BBE-8BAC-4BA9D9364175}.Release|Any CPU.ActiveCfg = Release|Any CPU
		{D4A48658-96D9-4BBE-8BAC-4BA9D9364175}.Release|Any CPU.Build.0 = Release|Any CPU
	EndGlobalSection
	GlobalSection(SolutionProperties) = preSolution
		HideSolutionNode = FALSE
	EndGlobalSection
	GlobalSection(ExtensibilityGlobals) = postSolution
		SolutionGuid = {45D6E7F2-E065-4560-BE1D-87384A5972E7}
	EndGlobalSection
EndGlobal
